
Microsoft Visual Studio Solution File, Format Version 12.00
# Visual Studio Version 16
VisualStudioVersion = 16.0.32901.82
MinimumVisualStudioVersion = 10.0.40219.1
Project("{FAE04EC0-301F-11D3-BF4B-00C04F79EFBC}") = "Assignment2_RESTfulService", "Assignment2_RESTfulService.csproj", "{D8D15E1B-0CB5-42E4-9445-53093AB873E3}"
EndProject
Project("{FAE04EC0-301F-11D3-BF4B-00C04F79EFBC}") = "Assignment2_Html5_App", "..\Assignment2_Html5_App\Assignment2_Html5_App.csproj", "{8218D5D9-A44C-462D-9BF0-9935623CE056}"
EndProject
Global
	GlobalSection(SolutionConfigurationPlatforms) = preSolution
		Debug|Any CPU = Debug|Any CPU
		Release|Any CPU = Release|Any CPU
	EndGlobalSection
	GlobalSection(ProjectConfigurationPlatforms) = postSolution
		{D8D15E1B-0CB5-42E4-9445-53093AB873E3}.Debug|Any CPU.ActiveCfg = Debug|Any CPU
		{D8D15E1B-0CB5-42E4-9445-53093AB873E3}.Debug|Any CPU.Build.0 = Debug|Any CPU
		{D8D15E1B-0CB5-42E4-9445-53093AB873E3}.Release|Any CPU.ActiveCfg = Release|Any CPU
		{D8D15E1B-0CB5-42E4-9445-53093AB873E3}.Release|Any CPU.Build.0 = Release|Any CPU
		{8218D5D9-A44C-462D-9BF0-9935623CE056}.Debug|Any CPU.ActiveCfg = Debug|Any CPU
		{8218D5D9-A44C-462D-9BF0-9935623CE056}.Debug|Any CPU.Build.0 = Debug|Any CPU
		{8218D5D9-A44C-462D-9BF0-9935623CE056}.Release|Any CPU.ActiveCfg = Release|Any CPU
		{8218D5D9-A44C-462D-9BF0-9935623CE056}.Release|Any CPU.Build.0 = Release|Any CPU
	EndGlobalSection
	GlobalSection(SolutionProperties) = preSolution
		HideSolutionNode = FALSE
	EndGlobalSection
	GlobalSection(ExtensibilityGlobals) = postSolution
		SolutionGuid = {AE79849D-3DE1-433D-B35B-E603512D638C}
	EndGlobalSection
EndGlobal
